
Microsoft Visual Studio Solution File, Format Version 12.00
# Visual Studio 2015
Project("{FAE04EC0-301F-11D3-BF4B-00C04F79EFBC}") = "po.CSharp.Plugins", "po.CSharp.Plugins.csproj", "{F4FA5193-4E5F-80AD-760E-657E1637F3A0}"
EndProject
Project("{FAE04EC0-301F-11D3-BF4B-00C04F79EFBC}") = "po.CSharp", "po.CSharp.csproj", "{5D24BB5B-63FB-EE3D-9C41-BA729CE4829C}"
EndProject
Global
	GlobalSection(SolutionConfigurationPlatforms) = preSolution
		Debug|Any CPU = Debug|Any CPU
		Release|Any CPU = Release|Any CPU
	EndGlobalSection
	GlobalSection(ProjectConfigurationPlatforms) = postSolution
		{F4FA5193-4E5F-80AD-760E-657E1637F3A0}.Debug|Any CPU.ActiveCfg = Debug|Any CPU
		{F4FA5193-4E5F-80AD-760E-657E1637F3A0}.Debug|Any CPU.Build.0 = Debug|Any CPU
		{F4FA5193-4E5F-80AD-760E-657E1637F3A0}.Release|Any CPU.ActiveCfg = Release|Any CPU
		{F4FA5193-4E5F-80AD-760E-657E1637F3A0}.Release|Any CPU.Build.0 = Release|Any CPU
		{5D24BB5B-63FB-EE3D-9C41-BA729CE4829C}.Debug|Any CPU.ActiveCfg = Debug|Any CPU
		{5D24BB5B-63FB-EE3D-9C41-BA729CE4829C}.Debug|Any CPU.Build.0 = Debug|Any CPU
		{5D24BB5B-63FB-EE3D-9C41-BA729CE4829C}.Release|Any CPU.ActiveCfg = Release|Any CPU
		{5D24BB5B-63FB-EE3D-9C41-BA729CE4829C}.Release|Any CPU.Build.0 = Release|Any CPU
	EndGlobalSection
	GlobalSection(SolutionProperties) = preSolution
		HideSolutionNode = FALSE
	EndGlobalSection
EndGlobal
